
Microsoft Visual Studio Solution File, Format Version 12.00
# Visual Studio Version 16
VisualStudioVersion = 16.0.33927.289
MinimumVisualStudioVersion = 10.0.40219.1
Project("{FAE04EC0-301F-11D3-BF4B-00C04F79EFBC}") = "WebsiteBanRuouVang", "WebsiteBanRuouVang.csproj", "{1267231F-F2D6-42A8-9287-14F50C79E206}"
EndProject
Global
	GlobalSection(SolutionConfigurationPlatforms) = preSolution
		Debug|Any CPU = Debug|Any CPU
		Release|Any CPU = Release|Any CPU
	EndGlobalSection
	GlobalSection(ProjectConfigurationPlatforms) = postSolution
		{1267231F-F2D6-42A8-9287-14F50C79E206}.Debug|Any CPU.ActiveCfg = Debug|Any CPU
		{1267231F-F2D6-42A8-9287-14F50C79E206}.Debug|Any CPU.Build.0 = Debug|Any CPU
		{1267231F-F2D6-42A8-9287-14F50C79E206}.Release|Any CPU.ActiveCfg = Release|Any CPU
		{1267231F-F2D6-42A8-9287-14F50C79E206}.Release|Any CPU.Build.0 = Release|Any CPU
	EndGlobalSection
	GlobalSection(SolutionProperties) = preSolution
		HideSolutionNode = FALSE
	EndGlobalSection
	GlobalSection(ExtensibilityGlobals) = postSolution
		SolutionGuid = {23764026-23AF-4E83-8109-0CE6CB2986D5}
	EndGlobalSection
EndGlobal
